
Microsoft Visual Studio Solution File, Format Version 12.00
# Visual Studio Version 17
VisualStudioVersion = 17.9.34723.18
MinimumVisualStudioVersion = 10.0.40219.1
Project("{FAE04EC0-301F-11D3-BF4B-00C04F79EFBC}") = "HTMLHelpersExample", "HTMLHelpersExample\HTMLHelpersExample.csproj", "{91F1FCF5-3513-4C14-B856-60F9B33FEFF7}"
EndProject
Global
	GlobalSection(SolutionConfigurationPlatforms) = preSolution
		Debug|Any CPU = Debug|Any CPU
		Release|Any CPU = Release|Any CPU
	EndGlobalSection
	GlobalSection(ProjectConfigurationPlatforms) = postSolution
		{91F1FCF5-3513-4C14-B856-60F9B33FEFF7}.Debug|Any CPU.ActiveCfg = Debug|Any CPU
		{91F1FCF5-3513-4C14-B856-60F9B33FEFF7}.Debug|Any CPU.Build.0 = Debug|Any CPU
		{91F1FCF5-3513-4C14-B856-60F9B33FEFF7}.Release|Any CPU.ActiveCfg = Release|Any CPU
		{91F1FCF5-3513-4C14-B856-60F9B33FEFF7}.Release|Any CPU.Build.0 = Release|Any CPU
	EndGlobalSection
	GlobalSection(SolutionProperties) = preSolution
		HideSolutionNode = FALSE
	EndGlobalSection
	GlobalSection(ExtensibilityGlobals) = postSolution
		SolutionGuid = {74D900EC-CB78-4D5B-9568-FFB91E081C12}
	EndGlobalSection
EndGlobal
